
Microsoft Visual Studio Solution File, Format Version 12.00
# Visual Studio Version 17
VisualStudioVersion = 17.8.34309.116
MinimumVisualStudioVersion = 10.0.40219.1
Project("{FAE04EC0-301F-11D3-BF4B-00C04F79EFBC}") = "EF8Demo", "EF8Demo\EF8Demo.csproj", "{956F6B92-D236-42B8-8732-9861ACC8E4E8}"
EndProject
Project("{FAE04EC0-301F-11D3-BF4B-00C04F79EFBC}") = "Infrastructure", "Infrastructure\Infrastructure.csproj", "{5A28EEE7-9854-4FB6-952F-735C8E6DCF36}"
EndProject
Global
	GlobalSection(SolutionConfigurationPlatforms) = preSolution
		Debug|Any CPU = Debug|Any CPU
		Release|Any CPU = Release|Any CPU
	EndGlobalSection
	GlobalSection(ProjectConfigurationPlatforms) = postSolution
		{956F6B92-D236-42B8-8732-9861ACC8E4E8}.Debug|Any CPU.ActiveCfg = Debug|Any CPU
		{956F6B92-D236-42B8-8732-9861ACC8E4E8}.Debug|Any CPU.Build.0 = Debug|Any CPU
		{956F6B92-D236-42B8-8732-9861ACC8E4E8}.Release|Any CPU.ActiveCfg = Release|Any CPU
		{956F6B92-D236-42B8-8732-9861ACC8E4E8}.Release|Any CPU.Build.0 = Release|Any CPU
		{5A28EEE7-9854-4FB6-952F-735C8E6DCF36}.Debug|Any CPU.ActiveCfg = Debug|Any CPU
		{5A28EEE7-9854-4FB6-952F-735C8E6DCF36}.Debug|Any CPU.Build.0 = Debug|Any CPU
		{5A28EEE7-9854-4FB6-952F-735C8E6DCF36}.Release|Any CPU.ActiveCfg = Release|Any CPU
		{5A28EEE7-9854-4FB6-952F-735C8E6DCF36}.Release|Any CPU.Build.0 = Release|Any CPU
	EndGlobalSection
	GlobalSection(SolutionProperties) = preSolution
		HideSolutionNode = FALSE
	EndGlobalSection
	GlobalSection(ExtensibilityGlobals) = postSolution
		SolutionGuid = {A1B2F3BC-762B-4DA8-8A73-3DF6EE8B70E2}
	EndGlobalSection
EndGlobal
