
Microsoft Visual Studio Solution File, Format Version 12.00
# Visual Studio Version 17
VisualStudioVersion = 17.6.33723.286
MinimumVisualStudioVersion = 10.0.40219.1
Project("{9A19103F-16F7-4668-BE54-9A1E7A4F7556}") = "UniversityCompetition", "UniversityCompetition.csproj", "{ED27CC20-41C9-4130-8307-1A468E30DB29}"
EndProject
Global
	GlobalSection(SolutionConfigurationPlatforms) = preSolution
		Debug|Any CPU = Debug|Any CPU
		Release|Any CPU = Release|Any CPU
	EndGlobalSection
	GlobalSection(ProjectConfigurationPlatforms) = postSolution
		{ED27CC20-41C9-4130-8307-1A468E30DB29}.Debug|Any CPU.ActiveCfg = Debug|Any CPU
		{ED27CC20-41C9-4130-8307-1A468E30DB29}.Debug|Any CPU.Build.0 = Debug|Any CPU
		{ED27CC20-41C9-4130-8307-1A468E30DB29}.Release|Any CPU.ActiveCfg = Release|Any CPU
		{ED27CC20-41C9-4130-8307-1A468E30DB29}.Release|Any CPU.Build.0 = Release|Any CPU
	EndGlobalSection
	GlobalSection(SolutionProperties) = preSolution
		HideSolutionNode = FALSE
	EndGlobalSection
	GlobalSection(ExtensibilityGlobals) = postSolution
		SolutionGuid = {28F750C4-3321-4C47-B1DD-B4DB26C8D158}
	EndGlobalSection
EndGlobal
