
Microsoft Visual Studio Solution File, Format Version 12.00
# Visual Studio Version 17
VisualStudioVersion = 17.6.33723.286
MinimumVisualStudioVersion = 10.0.40219.1
Project("{FAE04EC0-301F-11D3-BF4B-00C04F79EFBC}") = "01. Bakery Shop", "01. Bakery Shop\01. Bakery Shop.csproj", "{3D91335B-9949-4B22-8A09-E3C269FBE9F5}"
EndProject
Project("{FAE04EC0-301F-11D3-BF4B-00C04F79EFBC}") = "02. Beaver at Work", "02. Beaver at Work\02. Beaver at Work.csproj", "{392EDA47-DC7C-427A-B8A1-0D9C85721C4D}"
EndProject
Global
	GlobalSection(SolutionConfigurationPlatforms) = preSolution
		Debug|Any CPU = Debug|Any CPU
		Release|Any CPU = Release|Any CPU
	EndGlobalSection
	GlobalSection(ProjectConfigurationPlatforms) = postSolution
		{3D91335B-9949-4B22-8A09-E3C269FBE9F5}.Debug|Any CPU.ActiveCfg = Debug|Any CPU
		{3D91335B-9949-4B22-8A09-E3C269FBE9F5}.Debug|Any CPU.Build.0 = Debug|Any CPU
		{3D91335B-9949-4B22-8A09-E3C269FBE9F5}.Release|Any CPU.ActiveCfg = Release|Any CPU
		{3D91335B-9949-4B22-8A09-E3C269FBE9F5}.Release|Any CPU.Build.0 = Release|Any CPU
		{392EDA47-DC7C-427A-B8A1-0D9C85721C4D}.Debug|Any CPU.ActiveCfg = Debug|Any CPU
		{392EDA47-DC7C-427A-B8A1-0D9C85721C4D}.Debug|Any CPU.Build.0 = Debug|Any CPU
		{392EDA47-DC7C-427A-B8A1-0D9C85721C4D}.Release|Any CPU.ActiveCfg = Release|Any CPU
		{392EDA47-DC7C-427A-B8A1-0D9C85721C4D}.Release|Any CPU.Build.0 = Release|Any CPU
	EndGlobalSection
	GlobalSection(SolutionProperties) = preSolution
		HideSolutionNode = FALSE
	EndGlobalSection
	GlobalSection(ExtensibilityGlobals) = postSolution
		SolutionGuid = {3736B294-326E-4357-8767-E58D0995F69C}
	EndGlobalSection
EndGlobal
