
Microsoft Visual Studio Solution File, Format Version 12.00
# Visual Studio Version 17
VisualStudioVersion = 17.6.33723.286
MinimumVisualStudioVersion = 10.0.40219.1
Project("{9A19103F-16F7-4668-BE54-9A1E7A4F7556}") = "01.ClassBoxData", "01.ClassBoxData\01.ClassBoxData.csproj", "{6A114AA3-EBC6-4A48-93C7-31B82A6FCB4E}"
EndProject
Project("{FAE04EC0-301F-11D3-BF4B-00C04F79EFBC}") = "03.ShoppingSpree", "03.ShoppingSpree\03.ShoppingSpree.csproj", "{766E6CF4-07C1-4AC8-B0D7-12D718DF38F9}"
EndProject
Project("{FAE04EC0-301F-11D3-BF4B-00C04F79EFBC}") = "04.PizzaCalories", "04.PizzaCalories\04.PizzaCalories.csproj", "{984CE5C3-1820-49D3-BD5F-A2347A281EEC}"
EndProject
Project("{FAE04EC0-301F-11D3-BF4B-00C04F79EFBC}") = "05.FootballTeamGenerator", "05.FootballTeamGenerator\05.FootballTeamGenerator.csproj", "{A7F1C080-5E46-4F8D-87B5-81A143424D70}"
EndProject
Global
	GlobalSection(SolutionConfigurationPlatforms) = preSolution
		Debug|Any CPU = Debug|Any CPU
		Release|Any CPU = Release|Any CPU
	EndGlobalSection
	GlobalSection(ProjectConfigurationPlatforms) = postSolution
		{6A114AA3-EBC6-4A48-93C7-31B82A6FCB4E}.Debug|Any CPU.ActiveCfg = Debug|Any CPU
		{6A114AA3-EBC6-4A48-93C7-31B82A6FCB4E}.Debug|Any CPU.Build.0 = Debug|Any CPU
		{6A114AA3-EBC6-4A48-93C7-31B82A6FCB4E}.Release|Any CPU.ActiveCfg = Release|Any CPU
		{6A114AA3-EBC6-4A48-93C7-31B82A6FCB4E}.Release|Any CPU.Build.0 = Release|Any CPU
		{766E6CF4-07C1-4AC8-B0D7-12D718DF38F9}.Debug|Any CPU.ActiveCfg = Debug|Any CPU
		{766E6CF4-07C1-4AC8-B0D7-12D718DF38F9}.Debug|Any CPU.Build.0 = Debug|Any CPU
		{766E6CF4-07C1-4AC8-B0D7-12D718DF38F9}.Release|Any CPU.ActiveCfg = Release|Any CPU
		{766E6CF4-07C1-4AC8-B0D7-12D718DF38F9}.Release|Any CPU.Build.0 = Release|Any CPU
		{984CE5C3-1820-49D3-BD5F-A2347A281EEC}.Debug|Any CPU.ActiveCfg = Debug|Any CPU
		{984CE5C3-1820-49D3-BD5F-A2347A281EEC}.Debug|Any CPU.Build.0 = Debug|Any CPU
		{984CE5C3-1820-49D3-BD5F-A2347A281EEC}.Release|Any CPU.ActiveCfg = Release|Any CPU
		{984CE5C3-1820-49D3-BD5F-A2347A281EEC}.Release|Any CPU.Build.0 = Release|Any CPU
		{A7F1C080-5E46-4F8D-87B5-81A143424D70}.Debug|Any CPU.ActiveCfg = Debug|Any CPU
		{A7F1C080-5E46-4F8D-87B5-81A143424D70}.Debug|Any CPU.Build.0 = Debug|Any CPU
		{A7F1C080-5E46-4F8D-87B5-81A143424D70}.Release|Any CPU.ActiveCfg = Release|Any CPU
		{A7F1C080-5E46-4F8D-87B5-81A143424D70}.Release|Any CPU.Build.0 = Release|Any CPU
	EndGlobalSection
	GlobalSection(SolutionProperties) = preSolution
		HideSolutionNode = FALSE
	EndGlobalSection
	GlobalSection(ExtensibilityGlobals) = postSolution
		SolutionGuid = {C285D69A-43D5-40C5-B519-2D1DD9C983AD}
	EndGlobalSection
EndGlobal
