
Microsoft Visual Studio Solution File, Format Version 12.00
# Visual Studio Version 16
VisualStudioVersion = 16.0.31702.278
MinimumVisualStudioVersion = 10.0.40219.1
Project("{FAE04EC0-301F-11D3-BF4B-00C04F79EFBC}") = "1.Messaging", "1.Messaging\1.Messaging.csproj", "{4FFAB592-12AC-4E83-9019-87DF1C87EB48}"
EndProject
Project("{FAE04EC0-301F-11D3-BF4B-00C04F79EFBC}") = "2.CarRace", "2.CarRace\2.CarRace.csproj", "{BAB03D9E-67C9-4482-8146-FD7563279862}"
EndProject
Project("{FAE04EC0-301F-11D3-BF4B-00C04F79EFBC}") = "3.TakeSkipRope", "03.TakeSkipRope\3.TakeSkipRope.csproj", "{72EF367D-E84A-4CA8-8B9B-B95C8C3BC14A}"
EndProject
Global
	GlobalSection(SolutionConfigurationPlatforms) = preSolution
		Debug|Any CPU = Debug|Any CPU
		Release|Any CPU = Release|Any CPU
	EndGlobalSection
	GlobalSection(ProjectConfigurationPlatforms) = postSolution
		{4FFAB592-12AC-4E83-9019-87DF1C87EB48}.Debug|Any CPU.ActiveCfg = Debug|Any CPU
		{4FFAB592-12AC-4E83-9019-87DF1C87EB48}.Debug|Any CPU.Build.0 = Debug|Any CPU
		{4FFAB592-12AC-4E83-9019-87DF1C87EB48}.Release|Any CPU.ActiveCfg = Release|Any CPU
		{4FFAB592-12AC-4E83-9019-87DF1C87EB48}.Release|Any CPU.Build.0 = Release|Any CPU
		{BAB03D9E-67C9-4482-8146-FD7563279862}.Debug|Any CPU.ActiveCfg = Debug|Any CPU
		{BAB03D9E-67C9-4482-8146-FD7563279862}.Debug|Any CPU.Build.0 = Debug|Any CPU
		{BAB03D9E-67C9-4482-8146-FD7563279862}.Release|Any CPU.ActiveCfg = Release|Any CPU
		{BAB03D9E-67C9-4482-8146-FD7563279862}.Release|Any CPU.Build.0 = Release|Any CPU
		{72EF367D-E84A-4CA8-8B9B-B95C8C3BC14A}.Debug|Any CPU.ActiveCfg = Debug|Any CPU
		{72EF367D-E84A-4CA8-8B9B-B95C8C3BC14A}.Debug|Any CPU.Build.0 = Debug|Any CPU
		{72EF367D-E84A-4CA8-8B9B-B95C8C3BC14A}.Release|Any CPU.ActiveCfg = Release|Any CPU
		{72EF367D-E84A-4CA8-8B9B-B95C8C3BC14A}.Release|Any CPU.Build.0 = Release|Any CPU
	EndGlobalSection
	GlobalSection(SolutionProperties) = preSolution
		HideSolutionNode = FALSE
	EndGlobalSection
	GlobalSection(ExtensibilityGlobals) = postSolution
		SolutionGuid = {DE7E0FD3-B4ED-4A70-83EC-387C57E05824}
	EndGlobalSection
EndGlobal
