
Microsoft Visual Studio Solution File, Format Version 12.00
# Visual Studio Version 16
VisualStudioVersion = 16.0.31702.278
MinimumVisualStudioVersion = 10.0.40219.1
Project("{9A19103F-16F7-4668-BE54-9A1E7A4F7556}") = "01. Furniture", "01. Furniture\01. Furniture.csproj", "{1E37E04C-6EDE-4216-9350-2A4339EC72AA}"
EndProject
Project("{9A19103F-16F7-4668-BE54-9A1E7A4F7556}") = "02. Race", "02. Race\02. Race.csproj", "{CBABAB64-525F-4422-9048-B9F12068AE3D}"
EndProject
Project("{9A19103F-16F7-4668-BE54-9A1E7A4F7556}") = "03. SoftUni Bar Income", "03. SoftUni Bar Income\03. SoftUni Bar Income.csproj", "{B6960763-B2EC-4874-BB77-C36ED4C52E9F}"
EndProject
Project("{9A19103F-16F7-4668-BE54-9A1E7A4F7556}") = "04. Star Enigma", "04. Star Enigma\04. Star Enigma.csproj", "{D83ECED6-A514-4466-A4DC-89F6AA623328}"
EndProject
Project("{9A19103F-16F7-4668-BE54-9A1E7A4F7556}") = "05. Nether Realms", "05. Nether Realms\05. Nether Realms.csproj", "{1EBE9CB9-73B2-4DB4-93D8-4AC60F60FB40}"
EndProject
Project("{9A19103F-16F7-4668-BE54-9A1E7A4F7556}") = "06. Extract Emails", "06. Extract Emails\06. Extract Emails.csproj", "{B53F495C-D4C5-4E34-A4EA-A07EB7E70BFE}"
EndProject
Project("{FAE04EC0-301F-11D3-BF4B-00C04F79EFBC}") = "00.Demo", "00.Demo\00.Demo.csproj", "{A26FD266-15E0-4A0B-BBB9-A1263516CB8A}"
EndProject
Global
	GlobalSection(SolutionConfigurationPlatforms) = preSolution
		Debug|Any CPU = Debug|Any CPU
		Release|Any CPU = Release|Any CPU
	EndGlobalSection
	GlobalSection(ProjectConfigurationPlatforms) = postSolution
		{1E37E04C-6EDE-4216-9350-2A4339EC72AA}.Debug|Any CPU.ActiveCfg = Debug|Any CPU
		{1E37E04C-6EDE-4216-9350-2A4339EC72AA}.Debug|Any CPU.Build.0 = Debug|Any CPU
		{1E37E04C-6EDE-4216-9350-2A4339EC72AA}.Release|Any CPU.ActiveCfg = Release|Any CPU
		{1E37E04C-6EDE-4216-9350-2A4339EC72AA}.Release|Any CPU.Build.0 = Release|Any CPU
		{CBABAB64-525F-4422-9048-B9F12068AE3D}.Debug|Any CPU.ActiveCfg = Debug|Any CPU
		{CBABAB64-525F-4422-9048-B9F12068AE3D}.Debug|Any CPU.Build.0 = Debug|Any CPU
		{CBABAB64-525F-4422-9048-B9F12068AE3D}.Release|Any CPU.ActiveCfg = Release|Any CPU
		{CBABAB64-525F-4422-9048-B9F12068AE3D}.Release|Any CPU.Build.0 = Release|Any CPU
		{B6960763-B2EC-4874-BB77-C36ED4C52E9F}.Debug|Any CPU.ActiveCfg = Debug|Any CPU
		{B6960763-B2EC-4874-BB77-C36ED4C52E9F}.Debug|Any CPU.Build.0 = Debug|Any CPU
		{B6960763-B2EC-4874-BB77-C36ED4C52E9F}.Release|Any CPU.ActiveCfg = Release|Any CPU
		{B6960763-B2EC-4874-BB77-C36ED4C52E9F}.Release|Any CPU.Build.0 = Release|Any CPU
		{D83ECED6-A514-4466-A4DC-89F6AA623328}.Debug|Any CPU.ActiveCfg = Debug|Any CPU
		{D83ECED6-A514-4466-A4DC-89F6AA623328}.Debug|Any CPU.Build.0 = Debug|Any CPU
		{D83ECED6-A514-4466-A4DC-89F6AA623328}.Release|Any CPU.ActiveCfg = Release|Any CPU
		{D83ECED6-A514-4466-A4DC-89F6AA623328}.Release|Any CPU.Build.0 = Release|Any CPU
		{1EBE9CB9-73B2-4DB4-93D8-4AC60F60FB40}.Debug|Any CPU.ActiveCfg = Debug|Any CPU
		{1EBE9CB9-73B2-4DB4-93D8-4AC60F60FB40}.Debug|Any CPU.Build.0 = Debug|Any CPU
		{1EBE9CB9-73B2-4DB4-93D8-4AC60F60FB40}.Release|Any CPU.ActiveCfg = Release|Any CPU
		{1EBE9CB9-73B2-4DB4-93D8-4AC60F60FB40}.Release|Any CPU.Build.0 = Release|Any CPU
		{B53F495C-D4C5-4E34-A4EA-A07EB7E70BFE}.Debug|Any CPU.ActiveCfg = Debug|Any CPU
		{B53F495C-D4C5-4E34-A4EA-A07EB7E70BFE}.Debug|Any CPU.Build.0 = Debug|Any CPU
		{B53F495C-D4C5-4E34-A4EA-A07EB7E70BFE}.Release|Any CPU.ActiveCfg = Release|Any CPU
		{B53F495C-D4C5-4E34-A4EA-A07EB7E70BFE}.Release|Any CPU.Build.0 = Release|Any CPU
		{A26FD266-15E0-4A0B-BBB9-A1263516CB8A}.Debug|Any CPU.ActiveCfg = Debug|Any CPU
		{A26FD266-15E0-4A0B-BBB9-A1263516CB8A}.Debug|Any CPU.Build.0 = Debug|Any CPU
		{A26FD266-15E0-4A0B-BBB9-A1263516CB8A}.Release|Any CPU.ActiveCfg = Release|Any CPU
		{A26FD266-15E0-4A0B-BBB9-A1263516CB8A}.Release|Any CPU.Build.0 = Release|Any CPU
	EndGlobalSection
	GlobalSection(SolutionProperties) = preSolution
		HideSolutionNode = FALSE
	EndGlobalSection
	GlobalSection(ExtensibilityGlobals) = postSolution
		SolutionGuid = {3C1B2AF8-CC73-44F0-9BD5-75CCE2D3D927}
	EndGlobalSection
EndGlobal
