
Microsoft Visual Studio Solution File, Format Version 12.00
# Visual Studio Version 17
VisualStudioVersion = 17.4.33213.308
MinimumVisualStudioVersion = 10.0.40219.1
Project("{9A19103F-16F7-4668-BE54-9A1E7A4F7556}") = "1. Diagonal Difference", "1. Diagonal Difference\1. Diagonal Difference.csproj", "{AC8B41DF-8AE5-4E86-8C6C-584716ABE12D}"
EndProject
Project("{9A19103F-16F7-4668-BE54-9A1E7A4F7556}") = "2. Squares in Matrix", "2. Squares in Matrix\2. Squares in Matrix.csproj", "{2E0E8D5C-7B9D-4387-837B-657B284B9E53}"
EndProject
Project("{9A19103F-16F7-4668-BE54-9A1E7A4F7556}") = "3. Maximal Sum", "3. Maximal Sum\3. Maximal Sum.csproj", "{71540659-D738-429F-A55F-3B86F5D2739C}"
EndProject
Project("{9A19103F-16F7-4668-BE54-9A1E7A4F7556}") = "4. Matrix Shuffling", "4. Matrix Shuffling\4. Matrix Shuffling.csproj", "{C93E565F-286F-42AC-8544-659C60911774}"
EndProject
Project("{9A19103F-16F7-4668-BE54-9A1E7A4F7556}") = "5. Snake Moves", "5. Snake Moves\5. Snake Moves.csproj", "{C6F59CF6-FBC3-40B8-A96F-FBE4BCB64037}"
EndProject
Project("{9A19103F-16F7-4668-BE54-9A1E7A4F7556}") = "6. Jagged Array Manipulator", "6. Jagged Array Manipulator\6. Jagged Array Manipulator.csproj", "{92C49E7F-BBB9-4A96-9504-FEB1E872E361}"
EndProject
Project("{9A19103F-16F7-4668-BE54-9A1E7A4F7556}") = "7. Knight Game", "7. Knight Game\7. Knight Game.csproj", "{072733BD-919D-4EA5-B998-07437D23E54B}"
EndProject
Project("{9A19103F-16F7-4668-BE54-9A1E7A4F7556}") = "0.Demo", "0.Demo\0.Demo.csproj", "{80B70182-86AC-47E7-9E37-B674733ACDB7}"
EndProject
Project("{FAE04EC0-301F-11D3-BF4B-00C04F79EFBC}") = "8. Bombs", "8. Bombs\8. Bombs.csproj", "{3E3C4730-579A-4296-BA7F-E04CC9A86176}"
EndProject
Project("{FAE04EC0-301F-11D3-BF4B-00C04F79EFBC}") = "9. Miner", "9. Miner\9. Miner.csproj", "{C0DCBF06-0B41-4B65-999F-6327D2777C05}"
EndProject
Project("{FAE04EC0-301F-11D3-BF4B-00C04F79EFBC}") = "10. Radioactive Mutant Vampire Bunnies", "10. Radioactive Mutant Vampire Bunnies\10. Radioactive Mutant Vampire Bunnies.csproj", "{7EAFD939-EEDE-4024-A4A2-8CC4D67375D9}"
EndProject
Global
	GlobalSection(SolutionConfigurationPlatforms) = preSolution
		Debug|Any CPU = Debug|Any CPU
		Release|Any CPU = Release|Any CPU
	EndGlobalSection
	GlobalSection(ProjectConfigurationPlatforms) = postSolution
		{AC8B41DF-8AE5-4E86-8C6C-584716ABE12D}.Debug|Any CPU.ActiveCfg = Debug|Any CPU
		{AC8B41DF-8AE5-4E86-8C6C-584716ABE12D}.Debug|Any CPU.Build.0 = Debug|Any CPU
		{AC8B41DF-8AE5-4E86-8C6C-584716ABE12D}.Release|Any CPU.ActiveCfg = Release|Any CPU
		{AC8B41DF-8AE5-4E86-8C6C-584716ABE12D}.Release|Any CPU.Build.0 = Release|Any CPU
		{2E0E8D5C-7B9D-4387-837B-657B284B9E53}.Debug|Any CPU.ActiveCfg = Debug|Any CPU
		{2E0E8D5C-7B9D-4387-837B-657B284B9E53}.Debug|Any CPU.Build.0 = Debug|Any CPU
		{2E0E8D5C-7B9D-4387-837B-657B284B9E53}.Release|Any CPU.ActiveCfg = Release|Any CPU
		{2E0E8D5C-7B9D-4387-837B-657B284B9E53}.Release|Any CPU.Build.0 = Release|Any CPU
		{71540659-D738-429F-A55F-3B86F5D2739C}.Debug|Any CPU.ActiveCfg = Debug|Any CPU
		{71540659-D738-429F-A55F-3B86F5D2739C}.Debug|Any CPU.Build.0 = Debug|Any CPU
		{71540659-D738-429F-A55F-3B86F5D2739C}.Release|Any CPU.ActiveCfg = Release|Any CPU
		{71540659-D738-429F-A55F-3B86F5D2739C}.Release|Any CPU.Build.0 = Release|Any CPU
		{C93E565F-286F-42AC-8544-659C60911774}.Debug|Any CPU.ActiveCfg = Debug|Any CPU
		{C93E565F-286F-42AC-8544-659C60911774}.Debug|Any CPU.Build.0 = Debug|Any CPU
		{C93E565F-286F-42AC-8544-659C60911774}.Release|Any CPU.ActiveCfg = Release|Any CPU
		{C93E565F-286F-42AC-8544-659C60911774}.Release|Any CPU.Build.0 = Release|Any CPU
		{C6F59CF6-FBC3-40B8-A96F-FBE4BCB64037}.Debug|Any CPU.ActiveCfg = Debug|Any CPU
		{C6F59CF6-FBC3-40B8-A96F-FBE4BCB64037}.Debug|Any CPU.Build.0 = Debug|Any CPU
		{C6F59CF6-FBC3-40B8-A96F-FBE4BCB64037}.Release|Any CPU.ActiveCfg = Release|Any CPU
		{C6F59CF6-FBC3-40B8-A96F-FBE4BCB64037}.Release|Any CPU.Build.0 = Release|Any CPU
		{92C49E7F-BBB9-4A96-9504-FEB1E872E361}.Debug|Any CPU.ActiveCfg = Debug|Any CPU
		{92C49E7F-BBB9-4A96-9504-FEB1E872E361}.Debug|Any CPU.Build.0 = Debug|Any CPU
		{92C49E7F-BBB9-4A96-9504-FEB1E872E361}.Release|Any CPU.ActiveCfg = Release|Any CPU
		{92C49E7F-BBB9-4A96-9504-FEB1E872E361}.Release|Any CPU.Build.0 = Release|Any CPU
		{072733BD-919D-4EA5-B998-07437D23E54B}.Debug|Any CPU.ActiveCfg = Debug|Any CPU
		{072733BD-919D-4EA5-B998-07437D23E54B}.Debug|Any CPU.Build.0 = Debug|Any CPU
		{072733BD-919D-4EA5-B998-07437D23E54B}.Release|Any CPU.ActiveCfg = Release|Any CPU
		{072733BD-919D-4EA5-B998-07437D23E54B}.Release|Any CPU.Build.0 = Release|Any CPU
		{80B70182-86AC-47E7-9E37-B674733ACDB7}.Debug|Any CPU.ActiveCfg = Debug|Any CPU
		{80B70182-86AC-47E7-9E37-B674733ACDB7}.Debug|Any CPU.Build.0 = Debug|Any CPU
		{80B70182-86AC-47E7-9E37-B674733ACDB7}.Release|Any CPU.ActiveCfg = Release|Any CPU
		{80B70182-86AC-47E7-9E37-B674733ACDB7}.Release|Any CPU.Build.0 = Release|Any CPU
		{3E3C4730-579A-4296-BA7F-E04CC9A86176}.Debug|Any CPU.ActiveCfg = Debug|Any CPU
		{3E3C4730-579A-4296-BA7F-E04CC9A86176}.Debug|Any CPU.Build.0 = Debug|Any CPU
		{3E3C4730-579A-4296-BA7F-E04CC9A86176}.Release|Any CPU.ActiveCfg = Release|Any CPU
		{3E3C4730-579A-4296-BA7F-E04CC9A86176}.Release|Any CPU.Build.0 = Release|Any CPU
		{C0DCBF06-0B41-4B65-999F-6327D2777C05}.Debug|Any CPU.ActiveCfg = Debug|Any CPU
		{C0DCBF06-0B41-4B65-999F-6327D2777C05}.Debug|Any CPU.Build.0 = Debug|Any CPU
		{C0DCBF06-0B41-4B65-999F-6327D2777C05}.Release|Any CPU.ActiveCfg = Release|Any CPU
		{C0DCBF06-0B41-4B65-999F-6327D2777C05}.Release|Any CPU.Build.0 = Release|Any CPU
		{7EAFD939-EEDE-4024-A4A2-8CC4D67375D9}.Debug|Any CPU.ActiveCfg = Debug|Any CPU
		{7EAFD939-EEDE-4024-A4A2-8CC4D67375D9}.Debug|Any CPU.Build.0 = Debug|Any CPU
		{7EAFD939-EEDE-4024-A4A2-8CC4D67375D9}.Release|Any CPU.ActiveCfg = Release|Any CPU
		{7EAFD939-EEDE-4024-A4A2-8CC4D67375D9}.Release|Any CPU.Build.0 = Release|Any CPU
	EndGlobalSection
	GlobalSection(SolutionProperties) = preSolution
		HideSolutionNode = FALSE
	EndGlobalSection
	GlobalSection(ExtensibilityGlobals) = postSolution
		SolutionGuid = {7D8B63AF-66B2-42E4-8F23-2CE34827238A}
	EndGlobalSection
EndGlobal
