
Microsoft Visual Studio Solution File, Format Version 12.00
# Visual Studio Version 16
VisualStudioVersion = 16.0.31702.278
MinimumVisualStudioVersion = 10.0.40219.1
Project("{FAE04EC0-301F-11D3-BF4B-00C04F79EFBC}") = "1.DataTypes", "MethodsMoreEx\1.DataTypes.csproj", "{1D6B4A41-2635-4A51-9D8D-23E3EBCA7880}"
EndProject
Project("{FAE04EC0-301F-11D3-BF4B-00C04F79EFBC}") = "2.CenterPoint", "2.CenterPoint\2.CenterPoint.csproj", "{3C2FFA8D-343A-4071-9ACD-EDD70D4BD1DA}"
EndProject
Project("{FAE04EC0-301F-11D3-BF4B-00C04F79EFBC}") = "3.LongerLine", "3.LongerLine\3.LongerLine.csproj", "{68EA3180-18BE-44E7-BCE0-51631A592CDF}"
EndProject
Project("{FAE04EC0-301F-11D3-BF4B-00C04F79EFBC}") = "4.Tribonacci", "4.Tribonacci\4.Tribonacci.csproj", "{380C7978-38F6-4D92-A597-43BEA7A4CD53}"
EndProject
Project("{FAE04EC0-301F-11D3-BF4B-00C04F79EFBC}") = "5.MultiplySign", "5.MultiplySign\5.MultiplySign.csproj", "{01BCC561-FF50-4746-9FD1-6E4D7CC24B54}"
EndProject
Global
	GlobalSection(SolutionConfigurationPlatforms) = preSolution
		Debug|Any CPU = Debug|Any CPU
		Release|Any CPU = Release|Any CPU
	EndGlobalSection
	GlobalSection(ProjectConfigurationPlatforms) = postSolution
		{1D6B4A41-2635-4A51-9D8D-23E3EBCA7880}.Debug|Any CPU.ActiveCfg = Debug|Any CPU
		{1D6B4A41-2635-4A51-9D8D-23E3EBCA7880}.Debug|Any CPU.Build.0 = Debug|Any CPU
		{1D6B4A41-2635-4A51-9D8D-23E3EBCA7880}.Release|Any CPU.ActiveCfg = Release|Any CPU
		{1D6B4A41-2635-4A51-9D8D-23E3EBCA7880}.Release|Any CPU.Build.0 = Release|Any CPU
		{3C2FFA8D-343A-4071-9ACD-EDD70D4BD1DA}.Debug|Any CPU.ActiveCfg = Debug|Any CPU
		{3C2FFA8D-343A-4071-9ACD-EDD70D4BD1DA}.Debug|Any CPU.Build.0 = Debug|Any CPU
		{3C2FFA8D-343A-4071-9ACD-EDD70D4BD1DA}.Release|Any CPU.ActiveCfg = Release|Any CPU
		{3C2FFA8D-343A-4071-9ACD-EDD70D4BD1DA}.Release|Any CPU.Build.0 = Release|Any CPU
		{68EA3180-18BE-44E7-BCE0-51631A592CDF}.Debug|Any CPU.ActiveCfg = Debug|Any CPU
		{68EA3180-18BE-44E7-BCE0-51631A592CDF}.Debug|Any CPU.Build.0 = Debug|Any CPU
		{68EA3180-18BE-44E7-BCE0-51631A592CDF}.Release|Any CPU.ActiveCfg = Release|Any CPU
		{68EA3180-18BE-44E7-BCE0-51631A592CDF}.Release|Any CPU.Build.0 = Release|Any CPU
		{380C7978-38F6-4D92-A597-43BEA7A4CD53}.Debug|Any CPU.ActiveCfg = Debug|Any CPU
		{380C7978-38F6-4D92-A597-43BEA7A4CD53}.Debug|Any CPU.Build.0 = Debug|Any CPU
		{380C7978-38F6-4D92-A597-43BEA7A4CD53}.Release|Any CPU.ActiveCfg = Release|Any CPU
		{380C7978-38F6-4D92-A597-43BEA7A4CD53}.Release|Any CPU.Build.0 = Release|Any CPU
		{01BCC561-FF50-4746-9FD1-6E4D7CC24B54}.Debug|Any CPU.ActiveCfg = Debug|Any CPU
		{01BCC561-FF50-4746-9FD1-6E4D7CC24B54}.Debug|Any CPU.Build.0 = Debug|Any CPU
		{01BCC561-FF50-4746-9FD1-6E4D7CC24B54}.Release|Any CPU.ActiveCfg = Release|Any CPU
		{01BCC561-FF50-4746-9FD1-6E4D7CC24B54}.Release|Any CPU.Build.0 = Release|Any CPU
	EndGlobalSection
	GlobalSection(SolutionProperties) = preSolution
		HideSolutionNode = FALSE
	EndGlobalSection
	GlobalSection(ExtensibilityGlobals) = postSolution
		SolutionGuid = {E6A035F1-A134-4738-AE71-448848367E8A}
	EndGlobalSection
EndGlobal
