
Microsoft Visual Studio Solution File, Format Version 12.00
# Visual Studio Version 16
VisualStudioVersion = 16.0.31702.278
MinimumVisualStudioVersion = 10.0.40219.1
Project("{9A19103F-16F7-4668-BE54-9A1E7A4F7556}") = "01.Encrypt Array", "01.Encrypt Array\01.Encrypt Array.csproj", "{120257CE-272B-4B7C-9FDF-FCA4004DA325}"
EndProject
Project("{9A19103F-16F7-4668-BE54-9A1E7A4F7556}") = "2.Pascal Triangle", "2.Pascal Triangle\2.Pascal Triangle.csproj", "{5C42ADEF-5483-48F0-918B-4874FD430520}"
EndProject
Project("{9A19103F-16F7-4668-BE54-9A1E7A4F7556}") = "00.Demo", "00.Demo\00.Demo.csproj", "{BB9D273B-0229-41EC-80CE-1AF93716FCAC}"
EndProject
Project("{9A19103F-16F7-4668-BE54-9A1E7A4F7556}") = "3.Recursive Fibonacci", "3. Recursive Fibonacci\3.Recursive Fibonacci.csproj", "{BE55F5FC-0789-47AA-B3E1-51D1F7FFC9A2}"
EndProject
Project("{FAE04EC0-301F-11D3-BF4B-00C04F79EFBC}") = "4. Fold and Sum", "4. Fold and Sum\4. Fold and Sum.csproj", "{107B294E-85F5-4CD8-9731-3B630F18AD7B}"
EndProject
Global
	GlobalSection(SolutionConfigurationPlatforms) = preSolution
		Debug|Any CPU = Debug|Any CPU
		Release|Any CPU = Release|Any CPU
	EndGlobalSection
	GlobalSection(ProjectConfigurationPlatforms) = postSolution
		{120257CE-272B-4B7C-9FDF-FCA4004DA325}.Debug|Any CPU.ActiveCfg = Debug|Any CPU
		{120257CE-272B-4B7C-9FDF-FCA4004DA325}.Debug|Any CPU.Build.0 = Debug|Any CPU
		{120257CE-272B-4B7C-9FDF-FCA4004DA325}.Release|Any CPU.ActiveCfg = Release|Any CPU
		{120257CE-272B-4B7C-9FDF-FCA4004DA325}.Release|Any CPU.Build.0 = Release|Any CPU
		{5C42ADEF-5483-48F0-918B-4874FD430520}.Debug|Any CPU.ActiveCfg = Debug|Any CPU
		{5C42ADEF-5483-48F0-918B-4874FD430520}.Debug|Any CPU.Build.0 = Debug|Any CPU
		{5C42ADEF-5483-48F0-918B-4874FD430520}.Release|Any CPU.ActiveCfg = Release|Any CPU
		{5C42ADEF-5483-48F0-918B-4874FD430520}.Release|Any CPU.Build.0 = Release|Any CPU
		{BB9D273B-0229-41EC-80CE-1AF93716FCAC}.Debug|Any CPU.ActiveCfg = Debug|Any CPU
		{BB9D273B-0229-41EC-80CE-1AF93716FCAC}.Debug|Any CPU.Build.0 = Debug|Any CPU
		{BB9D273B-0229-41EC-80CE-1AF93716FCAC}.Release|Any CPU.ActiveCfg = Release|Any CPU
		{BB9D273B-0229-41EC-80CE-1AF93716FCAC}.Release|Any CPU.Build.0 = Release|Any CPU
		{BE55F5FC-0789-47AA-B3E1-51D1F7FFC9A2}.Debug|Any CPU.ActiveCfg = Debug|Any CPU
		{BE55F5FC-0789-47AA-B3E1-51D1F7FFC9A2}.Debug|Any CPU.Build.0 = Debug|Any CPU
		{BE55F5FC-0789-47AA-B3E1-51D1F7FFC9A2}.Release|Any CPU.ActiveCfg = Release|Any CPU
		{BE55F5FC-0789-47AA-B3E1-51D1F7FFC9A2}.Release|Any CPU.Build.0 = Release|Any CPU
		{107B294E-85F5-4CD8-9731-3B630F18AD7B}.Debug|Any CPU.ActiveCfg = Debug|Any CPU
		{107B294E-85F5-4CD8-9731-3B630F18AD7B}.Debug|Any CPU.Build.0 = Debug|Any CPU
		{107B294E-85F5-4CD8-9731-3B630F18AD7B}.Release|Any CPU.ActiveCfg = Release|Any CPU
		{107B294E-85F5-4CD8-9731-3B630F18AD7B}.Release|Any CPU.Build.0 = Release|Any CPU
	EndGlobalSection
	GlobalSection(SolutionProperties) = preSolution
		HideSolutionNode = FALSE
	EndGlobalSection
	GlobalSection(ExtensibilityGlobals) = postSolution
		SolutionGuid = {55CC1A70-846E-40F5-8612-8881CAA9E14E}
	EndGlobalSection
EndGlobal
