
Microsoft Visual Studio Solution File, Format Version 12.00
# Visual Studio Version 16
VisualStudioVersion = 16.0.31702.278
MinimumVisualStudioVersion = 10.0.40219.1
Project("{9A19103F-16F7-4668-BE54-9A1E7A4F7556}") = "01.AdvertisementMessage", "01.AdvertisementMessage\01.AdvertisementMessage.csproj", "{F7D3D120-131F-4FE3-AA46-763D28A2D3CB}"
EndProject
Project("{9A19103F-16F7-4668-BE54-9A1E7A4F7556}") = "02.Articles", "02.Articles\02.Articles.csproj", "{E1A03A32-5779-4EDD-AA2E-DE0C420EBC43}"
EndProject
Project("{9A19103F-16F7-4668-BE54-9A1E7A4F7556}") = "03.Articles2.0", "03.Articles2.0\03.Articles2.0.csproj", "{87BD0F5D-8877-41F7-81E5-8530C7D321CA}"
EndProject
Project("{9A19103F-16F7-4668-BE54-9A1E7A4F7556}") = "04.Students", "04.Students\04.Students.csproj", "{93F513E2-11D8-458B-9976-327384C0F8A0}"
EndProject
Project("{9A19103F-16F7-4668-BE54-9A1E7A4F7556}") = "05.TeamworkProjects", "05.TeamworkProjects\05.TeamworkProjects.csproj", "{1251E22D-87B8-4A9A-A40E-EEB740A13FBC}"
EndProject
Project("{9A19103F-16F7-4668-BE54-9A1E7A4F7556}") = "06.VehicleCatalogue", "06.VehicleCatalogue\06.VehicleCatalogue.csproj", "{53113968-9379-40E8-B92F-06486BB5A94F}"
EndProject
Project("{9A19103F-16F7-4668-BE54-9A1E7A4F7556}") = "07.OrderByAge", "07.OrderByAge\07.OrderByAge.csproj", "{7BF67F29-5806-4C49-B5DC-8E563EF19834}"
EndProject
Project("{FAE04EC0-301F-11D3-BF4B-00C04F79EFBC}") = "00.Demo", "00.Demo\00.Demo.csproj", "{2E67381C-A3E7-4BBF-8CAC-241714A39B3D}"
EndProject
Global
	GlobalSection(SolutionConfigurationPlatforms) = preSolution
		Debug|Any CPU = Debug|Any CPU
		Release|Any CPU = Release|Any CPU
	EndGlobalSection
	GlobalSection(ProjectConfigurationPlatforms) = postSolution
		{F7D3D120-131F-4FE3-AA46-763D28A2D3CB}.Debug|Any CPU.ActiveCfg = Debug|Any CPU
		{F7D3D120-131F-4FE3-AA46-763D28A2D3CB}.Debug|Any CPU.Build.0 = Debug|Any CPU
		{F7D3D120-131F-4FE3-AA46-763D28A2D3CB}.Release|Any CPU.ActiveCfg = Release|Any CPU
		{F7D3D120-131F-4FE3-AA46-763D28A2D3CB}.Release|Any CPU.Build.0 = Release|Any CPU
		{E1A03A32-5779-4EDD-AA2E-DE0C420EBC43}.Debug|Any CPU.ActiveCfg = Debug|Any CPU
		{E1A03A32-5779-4EDD-AA2E-DE0C420EBC43}.Debug|Any CPU.Build.0 = Debug|Any CPU
		{E1A03A32-5779-4EDD-AA2E-DE0C420EBC43}.Release|Any CPU.ActiveCfg = Release|Any CPU
		{E1A03A32-5779-4EDD-AA2E-DE0C420EBC43}.Release|Any CPU.Build.0 = Release|Any CPU
		{87BD0F5D-8877-41F7-81E5-8530C7D321CA}.Debug|Any CPU.ActiveCfg = Debug|Any CPU
		{87BD0F5D-8877-41F7-81E5-8530C7D321CA}.Debug|Any CPU.Build.0 = Debug|Any CPU
		{87BD0F5D-8877-41F7-81E5-8530C7D321CA}.Release|Any CPU.ActiveCfg = Release|Any CPU
		{87BD0F5D-8877-41F7-81E5-8530C7D321CA}.Release|Any CPU.Build.0 = Release|Any CPU
		{93F513E2-11D8-458B-9976-327384C0F8A0}.Debug|Any CPU.ActiveCfg = Debug|Any CPU
		{93F513E2-11D8-458B-9976-327384C0F8A0}.Debug|Any CPU.Build.0 = Debug|Any CPU
		{93F513E2-11D8-458B-9976-327384C0F8A0}.Release|Any CPU.ActiveCfg = Release|Any CPU
		{93F513E2-11D8-458B-9976-327384C0F8A0}.Release|Any CPU.Build.0 = Release|Any CPU
		{1251E22D-87B8-4A9A-A40E-EEB740A13FBC}.Debug|Any CPU.ActiveCfg = Debug|Any CPU
		{1251E22D-87B8-4A9A-A40E-EEB740A13FBC}.Debug|Any CPU.Build.0 = Debug|Any CPU
		{1251E22D-87B8-4A9A-A40E-EEB740A13FBC}.Release|Any CPU.ActiveCfg = Release|Any CPU
		{1251E22D-87B8-4A9A-A40E-EEB740A13FBC}.Release|Any CPU.Build.0 = Release|Any CPU
		{53113968-9379-40E8-B92F-06486BB5A94F}.Debug|Any CPU.ActiveCfg = Debug|Any CPU
		{53113968-9379-40E8-B92F-06486BB5A94F}.Debug|Any CPU.Build.0 = Debug|Any CPU
		{53113968-9379-40E8-B92F-06486BB5A94F}.Release|Any CPU.ActiveCfg = Release|Any CPU
		{53113968-9379-40E8-B92F-06486BB5A94F}.Release|Any CPU.Build.0 = Release|Any CPU
		{7BF67F29-5806-4C49-B5DC-8E563EF19834}.Debug|Any CPU.ActiveCfg = Debug|Any CPU
		{7BF67F29-5806-4C49-B5DC-8E563EF19834}.Debug|Any CPU.Build.0 = Debug|Any CPU
		{7BF67F29-5806-4C49-B5DC-8E563EF19834}.Release|Any CPU.ActiveCfg = Release|Any CPU
		{7BF67F29-5806-4C49-B5DC-8E563EF19834}.Release|Any CPU.Build.0 = Release|Any CPU
		{2E67381C-A3E7-4BBF-8CAC-241714A39B3D}.Debug|Any CPU.ActiveCfg = Debug|Any CPU
		{2E67381C-A3E7-4BBF-8CAC-241714A39B3D}.Debug|Any CPU.Build.0 = Debug|Any CPU
		{2E67381C-A3E7-4BBF-8CAC-241714A39B3D}.Release|Any CPU.ActiveCfg = Release|Any CPU
		{2E67381C-A3E7-4BBF-8CAC-241714A39B3D}.Release|Any CPU.Build.0 = Release|Any CPU
	EndGlobalSection
	GlobalSection(SolutionProperties) = preSolution
		HideSolutionNode = FALSE
	EndGlobalSection
	GlobalSection(ExtensibilityGlobals) = postSolution
		SolutionGuid = {CDCCD006-369C-4CD3-8984-1F4CAC22146F}
	EndGlobalSection
EndGlobal
